
Microsoft Visual Studio Solution File, Format Version 12.00
# Visual Studio Version 17
VisualStudioVersion = 17.2.32602.215
MinimumVisualStudioVersion = 10.0.40219.1
Project("{FAE04EC0-301F-11D3-BF4B-00C04F79EFBC}") = "Vidly", "Vidly.csproj", "{A1A4AE56-C35E-4FEC-82C6-E23201C138FD}"
EndProject
Global
	GlobalSection(SolutionConfigurationPlatforms) = preSolution
		Debug|Any CPU = Debug|Any CPU
		Release|Any CPU = Release|Any CPU
	EndGlobalSection
	GlobalSection(ProjectConfigurationPlatforms) = postSolution
		{A1A4AE56-C35E-4FEC-82C6-E23201C138FD}.Debug|Any CPU.ActiveCfg = Debug|Any CPU
		{A1A4AE56-C35E-4FEC-82C6-E23201C138FD}.Debug|Any CPU.Build.0 = Debug|Any CPU
		{A1A4AE56-C35E-4FEC-82C6-E23201C138FD}.Release|Any CPU.ActiveCfg = Release|Any CPU
		{A1A4AE56-C35E-4FEC-82C6-E23201C138FD}.Release|Any CPU.Build.0 = Release|Any CPU
	EndGlobalSection
	GlobalSection(SolutionProperties) = preSolution
		HideSolutionNode = FALSE
	EndGlobalSection
	GlobalSection(ExtensibilityGlobals) = postSolution
		SolutionGuid = {5B6F7A7A-D14E-47E8-BD51-0569560EA1C3}
	EndGlobalSection
EndGlobal
